Microsoft Visual Studio Solution File, Format Version 11.00
# Visual Studio 2008

Project("{5691A88F-D901-8719-2CC9-0C893C4586D8}") = "Unity1final2 - Copy", "Assembly-CSharp.csproj", "{695E2ECA-542F-F186-E2A4-08DA11734787}"
EndProject
Project("{5691A88F-D901-8719-2CC9-0C893C4586D8}") = "Unity1final2 - Copy", "Assembly-CSharp-Editor.csproj", "{A910ECC5-071B-61B9-8D30-55AB52B76E0B}"
EndProject
Project("{5691A88F-D901-8719-2CC9-0C893C4586D8}") = "Unity1final2 - Copy", "Assembly-UnityScript.unityproj", "{8E2003AA-1E05-EEC9-E3AD-17C99713057B}"
EndProject
Global
	GlobalSection(SolutionConfigurationPlatforms) = preSolution
		Debug|Any CPU = Debug|Any CPU
		Release|Any CPU = Release|Any CPU
	EndGlobalSection
	GlobalSection(ProjectConfigurationPlatforms) = postSolution
		{695E2ECA-542F-F186-E2A4-08DA11734787}.Debug|Any CPU.ActiveCfg = Debug|Any CPU
		{695E2ECA-542F-F186-E2A4-08DA11734787}.Debug|Any CPU.Build.0 = Debug|Any CPU
		{695E2ECA-542F-F186-E2A4-08DA11734787}.Release|Any CPU.ActiveCfg = Release|Any CPU
		{695E2ECA-542F-F186-E2A4-08DA11734787}.Release|Any CPU.Build.0 = Release|Any CPU
		{A910ECC5-071B-61B9-8D30-55AB52B76E0B}.Debug|Any CPU.ActiveCfg = Debug|Any CPU
		{A910ECC5-071B-61B9-8D30-55AB52B76E0B}.Debug|Any CPU.Build.0 = Debug|Any CPU
		{A910ECC5-071B-61B9-8D30-55AB52B76E0B}.Release|Any CPU.ActiveCfg = Release|Any CPU
		{A910ECC5-071B-61B9-8D30-55AB52B76E0B}.Release|Any CPU.Build.0 = Release|Any CPU
		{8E2003AA-1E05-EEC9-E3AD-17C99713057B}.Debug|Any CPU.ActiveCfg = Debug|Any CPU
		{8E2003AA-1E05-EEC9-E3AD-17C99713057B}.Debug|Any CPU.Build.0 = Debug|Any CPU
		{8E2003AA-1E05-EEC9-E3AD-17C99713057B}.Release|Any CPU.ActiveCfg = Release|Any CPU
		{8E2003AA-1E05-EEC9-E3AD-17C99713057B}.Release|Any CPU.Build.0 = Release|Any CPU
	EndGlobalSection
	GlobalSection(SolutionProperties) = preSolution
		HideSolutionNode = FALSE
	EndGlobalSection
																																																															GlobalSection(MonoDevelopProperties) = preSolution
		StartupItem = Assembly-CSharp.csproj
		Policies = $0
		$0.TextStylePolicy = $1
		$1.inheritsSet = null
		$1.scope = text/x-csharp
		$0.CSharpFormattingPolicy = $2
		$2.inheritsSet = Mono
		$2.inheritsScope = text/x-csharp
		$2.scope = text/x-csharp
		$0.TextStylePolicy = $3
		$3.FileWidth = 120
		$3.TabWidth = 4
		$3.EolMarker = Unix
		$3.inheritsSet = Mono
		$3.inheritsScope = text/plain
		$3.scope = text/plain
	EndGlobalSection

EndGlobal
